
Microsoft Visual Studio Solution File, Format Version 12.00
# Visual Studio 15
VisualStudioVersion = 15.0.28307.1062
MinimumVisualStudioVersion = 10.0.40219.1
Project("{FAE04EC0-301F-11D3-BF4B-00C04F79EFBC}") = "Proyecto Automatas", "Proyecto Automatas\Proyecto Automatas.csproj", "{37CE0C64-3B51-40A0-A8A0-FDE12074D623}"
EndProject
Global
	GlobalSection(SolutionConfigurationPlatforms) = preSolution
		Debug|Any CPU = Debug|Any CPU
		Release|Any CPU = Release|Any CPU
	EndGlobalSection
	GlobalSection(ProjectConfigurationPlatforms) = postSolution
		{37CE0C64-3B51-40A0-A8A0-FDE12074D623}.Debug|Any CPU.ActiveCfg = Debug|Any CPU
		{37CE0C64-3B51-40A0-A8A0-FDE12074D623}.Debug|Any CPU.Build.0 = Debug|Any CPU
		{37CE0C64-3B51-40A0-A8A0-FDE12074D623}.Release|Any CPU.ActiveCfg = Release|Any CPU
		{37CE0C64-3B51-40A0-A8A0-FDE12074D623}.Release|Any CPU.Build.0 = Release|Any CPU
	EndGlobalSection
	GlobalSection(SolutionProperties) = preSolution
		HideSolutionNode = FALSE
	EndGlobalSection
	GlobalSection(ExtensibilityGlobals) = postSolution
		SolutionGuid = {0845DA79-E9EB-4148-AA4C-139E571D759E}
	EndGlobalSection
EndGlobal
